
Microsoft Visual Studio Solution File, Format Version 12.00
# Visual Studio Version 17
VisualStudioVersion = 17.4.33403.182
MinimumVisualStudioVersion = 10.0.40219.1
Project("{FAE04EC0-301F-11D3-BF4B-00C04F79EFBC}") = "ItemManagement", "ItemManagement.csproj", "{01E8FA0D-5EEE-40DA-931F-D1D270D937F3}"
EndProject
Global
	GlobalSection(SolutionConfigurationPlatforms) = preSolution
		Debug|Any CPU = Debug|Any CPU
		Release|Any CPU = Release|Any CPU
	EndGlobalSection
	GlobalSection(ProjectConfigurationPlatforms) = postSolution
		{01E8FA0D-5EEE-40DA-931F-D1D270D937F3}.Debug|Any CPU.ActiveCfg = Debug|Any CPU
		{01E8FA0D-5EEE-40DA-931F-D1D270D937F3}.Debug|Any CPU.Build.0 = Debug|Any CPU
		{01E8FA0D-5EEE-40DA-931F-D1D270D937F3}.Release|Any CPU.ActiveCfg = Release|Any CPU
		{01E8FA0D-5EEE-40DA-931F-D1D270D937F3}.Release|Any CPU.Build.0 = Release|Any CPU
	EndGlobalSection
	GlobalSection(SolutionProperties) = preSolution
		HideSolutionNode = FALSE
	EndGlobalSection
	GlobalSection(ExtensibilityGlobals) = postSolution
		SolutionGuid = {96BA6045-8FCF-4AE2-9044-2D2455CEB362}
	EndGlobalSection
EndGlobal
